
Microsoft Visual Studio Solution File, Format Version 12.00
# Visual Studio Version 17
VisualStudioVersion = 17.9.34714.143
MinimumVisualStudioVersion = 10.0.40219.1
Project("{9A19103F-16F7-4668-BE54-9A1E7A4F7556}") = "Authentication", "Authentication\Authentication.csproj", "{81CC0645-51B5-47C1-806F-3A37ABB52A57}"
EndProject
Project("{2150E333-8FDC-42A3-9474-1A3956D46DE8}") = "Solution Items", "Solution Items", "{7F09F29B-FD56-469C-915E-5FA2F0AD8F9E}"
	ProjectSection(SolutionItems) = preProject
		.gitignore = .gitignore
	EndProjectSection
EndProject
Global
	GlobalSection(SolutionConfigurationPlatforms) = preSolution
		Debug|Any CPU = Debug|Any CPU
		Release|Any CPU = Release|Any CPU
	EndGlobalSection
	GlobalSection(ProjectConfigurationPlatforms) = postSolution
		{81CC0645-51B5-47C1-806F-3A37ABB52A57}.Debug|Any CPU.ActiveCfg = Debug|Any CPU
		{81CC0645-51B5-47C1-806F-3A37ABB52A57}.Debug|Any CPU.Build.0 = Debug|Any CPU
		{81CC0645-51B5-47C1-806F-3A37ABB52A57}.Release|Any CPU.ActiveCfg = Release|Any CPU
		{81CC0645-51B5-47C1-806F-3A37ABB52A57}.Release|Any CPU.Build.0 = Release|Any CPU
	EndGlobalSection
	GlobalSection(SolutionProperties) = preSolution
		HideSolutionNode = FALSE
	EndGlobalSection
	GlobalSection(ExtensibilityGlobals) = postSolution
		SolutionGuid = {CB14C7A4-8C3B-47D8-A678-0B2393BAE0C6}
	EndGlobalSection
EndGlobal
